lockfileVersion: "9.0"

settings:
  autoInstallPeers: true
  excludeLinksFromLockfile: false

importers:
  .:
    devDependencies:
      prettier:
        specifier: ^3.7.4
        version: 3.7.4
      prettier-plugin-sql:
        specifier: ^0.19.2
        version: 0.19.2(prettier@3.7.4)

packages:
  "@types/pegjs@0.10.6":
    resolution:
      {
        integrity: sha512-eLYXDbZWXh2uxf+w8sXS8d6KSoXTswfps6fvCUuVAGN8eRpfe7h9eSRydxiSJvo9Bf+GzifsDOr9TMQlmJdmkw==,
      }

  argparse@2.0.1:
    resolution:
      {
        integrity: sha512-8+9WqebbFzpX9OR+Wa6O29asIogeRMzcGtAINdpMHHyAg10f05aSFVBbcEqGf/PXw1EjAZ+q2/bEBg3DvurK3Q==,
      }

  big-integer@1.6.52:
    resolution:
      {
        integrity: sha512-QxD8cf2eVqJOOz63z6JIN9BzvVs/dlySa5HGSBH5xtR8dPteIRQnBxxKqkNTiT6jbDTF6jAfrd4oMcND9RGbQg==,
      }
    engines: { node: ">=0.6" }

  commander@2.20.3:
    resolution:
      {
        integrity: sha512-GpVkmM8vF2vQUkj2LvZmD35JxeJOLCwJ9cUkugyk2nuhbv3+mJvpLYYt+0+USMxE+oj+ey/lJEnhZw75x/OMcQ==,
      }

  discontinuous-range@1.0.0:
    resolution:
      {
        integrity: sha512-c68LpLbO+7kP/b1Hr1qs8/BJ09F5khZGTxqxZuhzxpmwJKOgRFHJWIb9/KmqnqHhLdO55aOxFH/EGBvUQbL/RQ==,
      }

  jsox@1.2.124:
    resolution:
      {
        integrity: sha512-KwptI8xUfOt7qJ+P+2utrJIEHTgDjXpBsDhPSM4GDq++4by+LX9nUFee97QfRloGcMh5iA9Ha/4UCVZl7zWzuA==,
      }
    hasBin: true

  moo@0.5.2:
    resolution:
      {
        integrity: sha512-iSAJLHYKnX41mKcJKjqvnAN9sf0LMDTXDEvFv+ffuRR9a1MIuXLjMNL6EsnDHSkKLTWNqQQ5uo61P4EbU4NU+Q==,
      }

  nearley@2.20.1:
    resolution:
      {
        integrity: sha512-+Mc8UaAebFzgV+KpI5n7DasuuQCHA89dmwm7JXw3TV43ukfNQ9DnBH3Mdb2g/I4Fdxc26pwimBWvjIw0UAILSQ==,
      }
    hasBin: true

  node-sql-parser@5.3.13:
    resolution:
      {
        integrity: sha512-heyWv3lLjKHpcBDMUSR+R0DohRYZTYq+Ro3hJ4m9Ia8ccdKbL5UijIaWr2L4co+bmmFuvBVZ4v23QW2PqvBFAA==,
      }
    engines: { node: ">=8" }

  prettier-plugin-sql@0.19.2:
    resolution:
      {
        integrity: sha512-DAu1Jcanpvs32OAOXsqaVXOpPs4nFLVkB3XwzRiZZVNL5/c+XdlNxWFMiMpMhYhmCG5BW3srK8mhikCOv5tPfg==,
      }
    engines: { node: ^14.18.0 || >=16.0.0 }
    peerDependencies:
      prettier: ^3.0.3

  prettier@3.7.4:
    resolution:
      {
        integrity: sha512-v6UNi1+3hSlVvv8fSaoUbggEM5VErKmmpGA7Pl3HF8V6uKY7rvClBOJlH6yNwQtfTueNkGVpOv/mtWL9L4bgRA==,
      }
    engines: { node: ">=14" }
    hasBin: true

  railroad-diagrams@1.0.0:
    resolution:
      {
        integrity: sha512-cz93DjNeLY0idrCNOH6PviZGRN9GJhsdm9hpn1YCS879fj4W+x5IFJhhkRZcwVgMmFF7R82UA/7Oh+R8lLZg6A==,
      }

  randexp@0.4.6:
    resolution:
      {
        integrity: sha512-80WNmd9DA0tmZrw9qQa62GPPWfuXJknrmVmLcxvq4uZBdYqb1wYoKTmnlGUchvVWe0XiLupYkBoXVOxz3C8DYQ==,
      }
    engines: { node: ">=0.12" }

  ret@0.1.15:
    resolution:
      {
        integrity: sha512-TTlYpa+OL+vMMNG24xSlQGEJ3B/RzEfUlLct7b5G/ytav+wPrplCpVMFuwzXbkecJrb6IYo1iFb0S9v37754mg==,
      }
    engines: { node: ">=0.12" }

  sql-formatter@15.6.10:
    resolution:
      {
        integrity: sha512-0bJOPQrRO/JkjQhiThVayq0hOKnI1tHI+2OTkmT7TGtc6kqS+V7kveeMzRW+RNQGxofmTmet9ILvztyuxv0cJQ==,
      }
    hasBin: true

  tslib@2.8.1:
    resolution:
      {
        integrity: sha512-oJFu94HQb+KVduSUQL7wnpmqnfmLsOA/nAh6b6EH0wCEoK0/mPeXU6c3wKDV83MkOuHPRHtSXKKU99IBazS/2w==,
      }

snapshots:
  "@types/pegjs@0.10.6": {}

  argparse@2.0.1: {}

  big-integer@1.6.52: {}

  commander@2.20.3: {}

  discontinuous-range@1.0.0: {}

  jsox@1.2.124: {}

  moo@0.5.2: {}

  nearley@2.20.1:
    dependencies:
      commander: 2.20.3
      moo: 0.5.2
      railroad-diagrams: 1.0.0
      randexp: 0.4.6

  node-sql-parser@5.3.13:
    dependencies:
      "@types/pegjs": 0.10.6
      big-integer: 1.6.52

  prettier-plugin-sql@0.19.2(prettier@3.7.4):
    dependencies:
      jsox: 1.2.124
      node-sql-parser: 5.3.13
      prettier: 3.7.4
      sql-formatter: 15.6.10
      tslib: 2.8.1

  prettier@3.7.4: {}

  railroad-diagrams@1.0.0: {}

  randexp@0.4.6:
    dependencies:
      discontinuous-range: 1.0.0
      ret: 0.1.15

  ret@0.1.15: {}

  sql-formatter@15.6.10:
    dependencies:
      argparse: 2.0.1
      nearley: 2.20.1

  tslib@2.8.1: {}
